
Microsoft Visual Studio Solution File, Format Version 12.00
# Visual Studio 15
VisualStudioVersion = 15.0.28307.168
MinimumVisualStudioVersion = 10.0.40219.1
Project("{FAE04EC0-301F-11D3-BF4B-00C04F79EFBC}") = "ASPDOTNETCoreService", "ASPDOTNETCoreService\ASPDOTNETCoreService.csproj", "{72783304-862E-4ABC-B518-E25EF880644E}"
EndProject
Global
	GlobalSection(SolutionConfigurationPlatforms) = preSolution
		Debug|Any CPU = Debug|Any CPU
		Release|Any CPU = Release|Any CPU
	EndGlobalSection
	GlobalSection(ProjectConfigurationPlatforms) = postSolution
		{72783304-862E-4ABC-B518-E25EF880644E}.Debug|Any CPU.ActiveCfg = Debug|Any CPU
		{72783304-862E-4ABC-B518-E25EF880644E}.Debug|Any CPU.Build.0 = Debug|Any CPU
		{72783304-862E-4ABC-B518-E25EF880644E}.Release|Any CPU.ActiveCfg = Release|Any CPU
		{72783304-862E-4ABC-B518-E25EF880644E}.Release|Any CPU.Build.0 = Release|Any CPU
	EndGlobalSection
	GlobalSection(SolutionProperties) = preSolution
		HideSolutionNode = FALSE
	EndGlobalSection
	GlobalSection(ExtensibilityGlobals) = postSolution
		SolutionGuid = {289A3B9E-E64D-4648-97A2-2C9F0F4C09DC}
	EndGlobalSection
EndGlobal
